{
    "_readme": [
        "This file locks the dependencies of your project to a known state",
        "Read more about it at https://getcomposer.org/doc/01-basic-usage.md#composer-lock-the-lock-file",
        "This file is @generated automatically"
    ],
    "hash": "d7ea8bbca41d3b36d527410455fdf1e7",
    "content-hash": "24e592c432ed0aaa4494947578f7102a",
    "packages": [
        {
            "name": "3rdpartyeve/phealng",
            "version": "2.3.5",
            "source": {
                "type": "git",
                "url": "https://github.com/3rdpartyeve/phealng.git",
                "reference": "ad34ce469cbda426b3ebf5be11161448b6d765bc"
            },
            "dist": {
                "type": "zip",
                "url": "https://api.github.com/repos/3rdpartyeve/phealng/zipball/ad34ce469cbda426b3ebf5be11161448b6d765bc",
                "reference": "ad34ce469cbda426b3ebf5be11161448b6d765bc",
                "shasum": ""
            },
            "require": {
                "guzzlehttp/guzzle": "~6.1",
                "php": ">=5.4.0",
                "psr/log": "~1.0.0"
            },
            "require-dev": {
                "phpunit/phpunit": "~4.7.7"
            },
            "type": "library",
            "autoload": {
                "psr-4": {
                    "Pheal\\": "lib/Pheal/"
                }
            },
            "notification-url": "https://packagist.org/downloads/",
            "license": [
                "MIT"
            ],
            "authors": [
                {
                    "name": "Peter Petermann",
                    "email": "ppetermann80@googlemail.com",
                    "homepage": "http://devedge.eu"
                },
                {
                    "name": "Wollari",
                    "homepage": "http://evemaps.dotlan.net/"
                }
            ],
            "description": "PHP Eve Api Library, a simple PHP lib to access the EVE Online API",
            "homepage": "https://github.com/3rdpartyeve/phealng",
            "keywords": [
                "EVE API",
                "EVE Online",
                "Pheal",
                "PhealNG"
            ],
            "time": "2016-10-02 14:56:18"
        },
        {
            "name": "cebe/markdown",
            "version": "1.1.1",
            "source": {
                "type": "git",
                "url": "https://github.com/cebe/markdown.git",
                "reference": "c30eb5e01fe021cc5bba2f9ee0eeef96d4931166"
            },
            "dist": {
                "type": "zip",
                "url": "https://api.github.com/repos/cebe/markdown/zipball/c30eb5e01fe021cc5bba2f9ee0eeef96d4931166",
                "reference": "c30eb5e01fe021cc5bba2f9ee0eeef96d4931166",
                "shasum": ""
            },
            "require": {
                "lib-pcre": "*",
                "php": ">=5.4.0"
            },
            "require-dev": {
                "cebe/indent": "*",
                "facebook/xhprof": "*@dev",
                "phpunit/phpunit": "4.1.*"
            },
            "bin": [
                "bin/markdown"
            ],
            "type": "library",
            "extra": {
                "branch-alias": {
                    "dev-master": "1.1.x-dev"
                }
            },
            "autoload": {
                "psr-4": {
                    "cebe\\markdown\\": ""
                }
            },
            "notification-url": "https://packagist.org/downloads/",
            "license": [
                "MIT"
            ],
            "authors": [
                {
                    "name": "Carsten Brandt",
                    "email": "mail@cebe.cc",
                    "homepage": "http://cebe.cc/",
                    "role": "Creator"
                }
            ],
            "description": "A super fast, highly extensible markdown parser for PHP",
            "homepage": "https://github.com/cebe/markdown#readme",
            "keywords": [
                "extensible",
                "fast",
                "gfm",
                "markdown",
                "markdown-extra"
            ],
            "time": "2016-09-14 20:40:20"
        },
        {
            "name": "doctrine/inflector",
            "version": "v1.1.0",
            "source": {
                "type": "git",
                "url": "https://github.com/doctrine/inflector.git",
                "reference": "90b2128806bfde671b6952ab8bea493942c1fdae"
            },
            "dist": {
                "type": "zip",
                "url": "https://api.github.com/repos/doctrine/inflector/zipball/90b2128806bfde671b6952ab8bea493942c1fdae",
                "reference": "90b2128806bfde671b6952ab8bea493942c1fdae",
                "shasum": ""
            },
            "require": {
                "php": ">=5.3.2"
            },
            "require-dev": {
                "phpunit/phpunit": "4.*"
            },
            "type": "library",
            "extra": {
                "branch-alias": {
                    "dev-master": "1.1.x-dev"
                }
            },
            "autoload": {
                "psr-0": {
                    "Doctrine\\Common\\Inflector\\": "lib/"
                }
            },
            "notification-url": "https://packagist.org/downloads/",
            "license": [
                "MIT"
            ],
            "authors": [
                {
                    "name": "Roman Borschel",
                    "email": "roman@code-factory.org"
                },
                {
                    "name": "Benjamin Eberlei",
                    "email": "kontakt@beberlei.de"
                },
                {
                    "name": "Guilherme Blanco",
                    "email": "guilhermeblanco@gmail.com"
                },
                {
                    "name": "Jonathan Wage",
                    "email": "jonwage@gmail.com"
                },
                {
                    "name": "Johannes Schmitt",
                    "email": "schmittjoh@gmail.com"
                }
            ],
            "description": "Common String Manipulations with regard to casing and singular/plural rules.",
            "homepage": "http://www.doctrine-project.org",
            "keywords": [
                "inflection",
                "pluralize",
                "singularize",
                "string"
            ],
            "time": "2015-11-06 14:35:42"
        },
        {
            "name": "guzzlehttp/guzzle",
            "version": "6.2.2",
            "source": {
                "type": "git",
                "url": "https://github.com/guzzle/guzzle.git",
                "reference": "ebf29dee597f02f09f4d5bbecc68230ea9b08f60"
            },
            "dist": {
                "type": "zip",
                "url": "https://api.github.com/repos/guzzle/guzzle/zipball/ebf29dee597f02f09f4d5bbecc68230ea9b08f60",
                "reference": "ebf29dee597f02f09f4d5bbecc68230ea9b08f60",
                "shasum": ""
            },
            "require": {
                "guzzlehttp/promises": "^1.0",
                "guzzlehttp/psr7": "^1.3.1",
                "php": ">=5.5"
            },
            "require-dev": {
                "ext-curl": "*",
                "phpunit/phpunit": "^4.0",
                "psr/log": "^1.0"
            },
            "type": "library",
            "extra": {
                "branch-alias": {
                    "dev-master": "6.2-dev"
                }
            },
            "autoload": {
                "files": [
                    "src/functions_include.php"
                ],
                "psr-4": {
                    "GuzzleHttp\\": "src/"
                }
            },
            "notification-url": "https://packagist.org/downloads/",
            "license": [
                "MIT"
            ],
            "authors": [
                {
                    "name": "Michael Dowling",
                    "email": "mtdowling@gmail.com",
                    "homepage": "https://github.com/mtdowling"
                }
            ],
            "description": "Guzzle is a PHP HTTP client library",
            "homepage": "http://guzzlephp.org/",
            "keywords": [
                "client",
                "curl",
                "framework",
                "http",
                "http client",
                "rest",
                "web service"
            ],
            "time": "2016-10-08 15:01:37"
        },
        {
            "name": "guzzlehttp/promises",
            "version": "v1.3.1",
            "source": {
                "type": "git",
                "url": "https://github.com/guzzle/promises.git",
                "reference": "a59da6cf61d80060647ff4d3eb2c03a2bc694646"
            },
            "dist": {
                "type": "zip",
                "url": "https://api.github.com/repos/guzzle/promises/zipball/a59da6cf61d80060647ff4d3eb2c03a2bc694646",
                "reference": "a59da6cf61d80060647ff4d3eb2c03a2bc694646",
                "shasum": ""
            },
            "require": {
                "php": ">=5.5.0"
            },
            "require-dev": {
                "phpunit/phpunit": "^4.0"
            },
            "type": "library",
            "extra": {
                "branch-alias": {
                    "dev-master": "1.4-dev"
                }
            },
            "autoload": {
                "psr-4": {
                    "GuzzleHttp\\Promise\\": "src/"
                },
                "files": [
                    "src/functions_include.php"
                ]
            },
            "notification-url": "https://packagist.org/downloads/",
            "license": [
                "MIT"
            ],
            "authors": [
                {
                    "name": "Michael Dowling",
                    "email": "mtdowling@gmail.com",
                    "homepage": "https://github.com/mtdowling"
                }
            ],
            "description": "Guzzle promises library",
            "keywords": [
                "promise"
            ],
            "time": "2016-12-20 10:07:11"
        },
        {
            "name": "guzzlehttp/psr7",
            "version": "1.3.1",
            "source": {
                "type": "git",
                "url": "https://github.com/guzzle/psr7.git",
                "reference": "5c6447c9df362e8f8093bda8f5d8873fe5c7f65b"
            },
            "dist": {
                "type": "zip",
                "url": "https://api.github.com/repos/guzzle/psr7/zipball/5c6447c9df362e8f8093bda8f5d8873fe5c7f65b",
                "reference": "5c6447c9df362e8f8093bda8f5d8873fe5c7f65b",
                "shasum": ""
            },
            "require": {
                "php": ">=5.4.0",
                "psr/http-message": "~1.0"
            },
            "provide": {
                "psr/http-message-implementation": "1.0"
            },
            "require-dev": {
                "phpunit/phpunit": "~4.0"
            },
            "type": "library",
            "extra": {
                "branch-alias": {
                    "dev-master": "1.4-dev"
                }
            },
            "autoload": {
                "psr-4": {
                    "GuzzleHttp\\Psr7\\": "src/"
                },
                "files": [
                    "src/functions_include.php"
                ]
            },
            "notification-url": "https://packagist.org/downloads/",
            "license": [
                "MIT"
            ],
            "authors": [
                {
                    "name": "Michael Dowling",
                    "email": "mtdowling@gmail.com",
                    "homepage": "https://github.com/mtdowling"
                }
            ],
            "description": "PSR-7 message implementation",
            "keywords": [
                "http",
                "message",
                "stream",
                "uri"
            ],
            "time": "2016-06-24 23:00:38"
        },
        {
            "name": "illuminate/container",
            "version": "v5.4.9",
            "source": {
                "type": "git",
                "url": "https://github.com/illuminate/container.git",
                "reference": "ccbfa2c69369a11b419d071ad11147b59eb9f052"
            },
            "dist": {
                "type": "zip",
                "url": "https://api.github.com/repos/illuminate/container/zipball/ccbfa2c69369a11b419d071ad11147b59eb9f052",
                "reference": "ccbfa2c69369a11b419d071ad11147b59eb9f052",
                "shasum": ""
            },
            "require": {
                "illuminate/contracts": "5.4.*",
                "php": ">=5.6.4"
            },
            "type": "library",
            "extra": {
                "branch-alias": {
                    "dev-master": "5.4-dev"
                }
            },
            "autoload": {
                "psr-4": {
                    "Illuminate\\Container\\": ""
                }
            },
            "notification-url": "https://packagist.org/downloads/",
            "license": [
                "MIT"
            ],
            "authors": [
                {
                    "name": "Taylor Otwell",
                    "email": "taylor@laravel.com"
                }
            ],
            "description": "The Illuminate Container package.",
            "homepage": "https://laravel.com",
            "time": "2017-01-28 17:55:54"
        },
        {
            "name": "illuminate/contracts",
            "version": "v5.4.9",
            "source": {
                "type": "git",
                "url": "https://github.com/illuminate/contracts.git",
                "reference": "4ec919d294aca396d172e644b243b49885cd2cc7"
            },
            "dist": {
                "type": "zip",
                "url": "https://api.github.com/repos/illuminate/contracts/zipball/4ec919d294aca396d172e644b243b49885cd2cc7",
                "reference": "4ec919d294aca396d172e644b243b49885cd2cc7",
                "shasum": ""
            },
            "require": {
                "php": ">=5.6.4"
            },
            "type": "library",
            "extra": {
                "branch-alias": {
                    "dev-master": "5.4-dev"
                }
            },
            "autoload": {
                "psr-4": {
                    "Illuminate\\Contracts\\": ""
                }
            },
            "notification-url": "https://packagist.org/downloads/",
            "license": [
                "MIT"
            ],
            "authors": [
                {
                    "name": "Taylor Otwell",
                    "email": "taylor@laravel.com"
                }
            ],
            "description": "The Illuminate Contracts package.",
            "homepage": "https://laravel.com",
            "time": "2017-01-18 20:23:54"
        },
        {
            "name": "illuminate/database",
            "version": "v5.4.9",
            "source": {
                "type": "git",
                "url": "https://github.com/illuminate/database.git",
                "reference": "cd0b08134a8b674683fab649fbc7de65ad7a75f9"
            },
            "dist": {
                "type": "zip",
                "url": "https://api.github.com/repos/illuminate/database/zipball/cd0b08134a8b674683fab649fbc7de65ad7a75f9",
                "reference": "cd0b08134a8b674683fab649fbc7de65ad7a75f9",
                "shasum": ""
            },
            "require": {
                "illuminate/container": "5.4.*",
                "illuminate/contracts": "5.4.*",
                "illuminate/support": "5.4.*",
                "nesbot/carbon": "~1.20",
                "php": ">=5.6.4"
            },
            "suggest": {
                "doctrine/dbal": "Required to rename columns and drop SQLite columns (~2.5).",
                "fzaninotto/faker": "Required to use the eloquent factory builder (~1.4).",
                "illuminate/console": "Required to use the database commands (5.4.*).",
                "illuminate/events": "Required to use the observers with Eloquent (5.4.*).",
                "illuminate/filesystem": "Required to use the migrations (5.4.*).",
                "illuminate/pagination": "Required to paginate the result set (5.4.*)."
            },
            "type": "library",
            "extra": {
                "branch-alias": {
                    "dev-master": "5.4-dev"
                }
            },
            "autoload": {
                "psr-4": {
                    "Illuminate\\Database\\": ""
                }
            },
            "notification-url": "https://packagist.org/downloads/",
            "license": [
                "MIT"
            ],
            "authors": [
                {
                    "name": "Taylor Otwell",
                    "email": "taylor@laravel.com"
                }
            ],
            "description": "The Illuminate Database package.",
            "homepage": "https://laravel.com",
            "keywords": [
                "database",
                "laravel",
                "orm",
                "sql"
            ],
            "time": "2017-02-03 19:46:11"
        },
        {
            "name": "illuminate/events",
            "version": "v5.4.9",
            "source": {
                "type": "git",
                "url": "https://github.com/illuminate/events.git",
                "reference": "44fda744fa2deab124cb721da526eac9d0d8c386"
            },
            "dist": {
                "type": "zip",
                "url": "https://api.github.com/repos/illuminate/events/zipball/44fda744fa2deab124cb721da526eac9d0d8c386",
                "reference": "44fda744fa2deab124cb721da526eac9d0d8c386",
                "shasum": ""
            },
            "require": {
                "illuminate/container": "5.4.*",
                "illuminate/contracts": "5.4.*",
                "illuminate/support": "5.4.*",
                "php": ">=5.6.4"
            },
            "type": "library",
            "extra": {
                "branch-alias": {
                    "dev-master": "5.4-dev"
                }
            },
            "autoload": {
                "psr-4": {
                    "Illuminate\\Events\\": ""
                }
            },
            "notification-url": "https://packagist.org/downloads/",
            "license": [
                "MIT"
            ],
            "authors": [
                {
                    "name": "Taylor Otwell",
                    "email": "taylor@laravel.com"
                }
            ],
            "description": "The Illuminate Events package.",
            "homepage": "https://laravel.com",
            "time": "2017-01-20 14:16:32"
        },
        {
            "name": "illuminate/filesystem",
            "version": "v5.4.9",
            "source": {
                "type": "git",
                "url": "https://github.com/illuminate/filesystem.git",
                "reference": "9e74fd5bef124640852da3ec71ec6365408de417"
            },
            "dist": {
                "type": "zip",
                "url": "https://api.github.com/repos/illuminate/filesystem/zipball/9e74fd5bef124640852da3ec71ec6365408de417",
                "reference": "9e74fd5bef124640852da3ec71ec6365408de417",
                "shasum": ""
            },
            "require": {
                "illuminate/contracts": "5.4.*",
                "illuminate/support": "5.4.*",
                "php": ">=5.6.4",
                "symfony/finder": "~3.2"
            },
            "suggest": {
                "league/flysystem": "Required to use the Flysystem local and FTP drivers (~1.0).",
                "league/flysystem-aws-s3-v3": "Required to use the Flysystem S3 driver (~1.0).",
                "league/flysystem-rackspace": "Required to use the Flysystem Rackspace driver (~1.0)."
            },
            "type": "library",
            "extra": {
                "branch-alias": {
                    "dev-master": "5.4-dev"
                }
            },
            "autoload": {
                "psr-4": {
                    "Illuminate\\Filesystem\\": ""
                }
            },
            "notification-url": "https://packagist.org/downloads/",
            "license": [
                "MIT"
            ],
            "authors": [
                {
                    "name": "Taylor Otwell",
                    "email": "taylor@laravel.com"
                }
            ],
            "description": "The Illuminate Filesystem package.",
            "homepage": "https://laravel.com",
            "time": "2017-01-03 14:19:43"
        },
        {
            "name": "illuminate/support",
            "version": "v5.4.9",
            "source": {
                "type": "git",
                "url": "https://github.com/illuminate/support.git",
                "reference": "5544aaf67b7e57559d58c01a9030c82ca01872a6"
            },
            "dist": {
                "type": "zip",
                "url": "https://api.github.com/repos/illuminate/support/zipball/5544aaf67b7e57559d58c01a9030c82ca01872a6",
                "reference": "5544aaf67b7e57559d58c01a9030c82ca01872a6",
                "shasum": ""
            },
            "require": {
                "doctrine/inflector": "~1.0",
                "ext-mbstring": "*",
                "illuminate/contracts": "5.4.*",
                "paragonie/random_compat": "~1.4|~2.0",
                "php": ">=5.6.4"
            },
            "replace": {
                "tightenco/collect": "self.version"
            },
            "suggest": {
                "illuminate/filesystem": "Required to use the composer class (5.2.*).",
                "symfony/process": "Required to use the composer class (~3.2).",
                "symfony/var-dumper": "Required to use the dd function (~3.2)."
            },
            "type": "library",
            "extra": {
                "branch-alias": {
                    "dev-master": "5.4-dev"
                }
            },
            "autoload": {
                "psr-4": {
                    "Illuminate\\Support\\": ""
                },
                "files": [
                    "helpers.php"
                ]
            },
            "notification-url": "https://packagist.org/downloads/",
            "license": [
                "MIT"
            ],
            "authors": [
                {
                    "name": "Taylor Otwell",
                    "email": "taylor@laravel.com"
                }
            ],
            "description": "The Illuminate Support package.",
            "homepage": "https://laravel.com",
            "time": "2017-02-02 13:32:18"
        },
        {
            "name": "illuminate/view",
            "version": "v5.4.9",
            "source": {
                "type": "git",
                "url": "https://github.com/illuminate/view.git",
                "reference": "5dc9dd489cd251eae3ae6eb82c7176b6c153dfc3"
            },
            "dist": {
                "type": "zip",
                "url": "https://api.github.com/repos/illuminate/view/zipball/5dc9dd489cd251eae3ae6eb82c7176b6c153dfc3",
                "reference": "5dc9dd489cd251eae3ae6eb82c7176b6c153dfc3",
                "shasum": ""
            },
            "require": {
                "illuminate/container": "5.4.*",
                "illuminate/contracts": "5.4.*",
                "illuminate/events": "5.4.*",
                "illuminate/filesystem": "5.4.*",
                "illuminate/support": "5.4.*",
                "php": ">=5.6.4",
                "symfony/debug": "~3.2"
            },
            "type": "library",
            "extra": {
                "branch-alias": {
                    "dev-master": "5.4-dev"
                }
            },
            "autoload": {
                "psr-4": {
                    "Illuminate\\View\\": ""
                }
            },
            "notification-url": "https://packagist.org/downloads/",
            "license": [
                "MIT"
            ],
            "authors": [
                {
                    "name": "Taylor Otwell",
                    "email": "taylor@laravel.com"
                }
            ],
            "description": "The Illuminate View package.",
            "homepage": "https://laravel.com",
            "time": "2017-01-31 13:45:14"
        },
        {
            "name": "mpociot/laravel-composite-key",
            "version": "1.0",
            "source": {
                "type": "git",
                "url": "https://github.com/mpociot/laravel-composite-key.git",
                "reference": "520e33c6ed01be0ed377e56ab2706d9e1c56bd60"
            },
            "dist": {
                "type": "zip",
                "url": "https://api.github.com/repos/mpociot/laravel-composite-key/zipball/520e33c6ed01be0ed377e56ab2706d9e1c56bd60",
                "reference": "520e33c6ed01be0ed377e56ab2706d9e1c56bd60",
                "shasum": ""
            },
            "require": {
                "illuminate/database": "5.*",
                "php": ">=5.5.9"
            },
            "type": "library",
            "autoload": {
                "psr-4": {
                    "Mpociot\\HasCompositeKey\\": "src/"
                }
            },
            "notification-url": "https://packagist.org/downloads/",
            "license": [
                "MIT"
            ],
            "authors": [
                {
                    "name": "Marcel Pociot",
                    "email": "m.pociot@gmail.com"
                }
            ],
            "description": "Support composite keys in your laravel app.",
            "time": "2016-05-17 20:11:04"
        },
        {
            "name": "nesbot/carbon",
            "version": "1.22.1",
            "source": {
                "type": "git",
                "url": "https://github.com/briannesbitt/Carbon.git",
                "reference": "7cdf42c0b1cc763ab7e4c33c47a24e27c66bfccc"
            },
            "dist": {
                "type": "zip",
                "url": "https://api.github.com/repos/briannesbitt/Carbon/zipball/7cdf42c0b1cc763ab7e4c33c47a24e27c66bfccc",
                "reference": "7cdf42c0b1cc763ab7e4c33c47a24e27c66bfccc",
                "shasum": ""
            },
            "require": {
                "php": ">=5.3.0",
                "symfony/translation": "~2.6 || ~3.0"
            },
            "require-dev": {
                "friendsofphp/php-cs-fixer": "~2",
                "phpunit/phpunit": "~4.0 || ~5.0"
            },
            "type": "library",
            "extra": {
                "branch-alias": {
                    "dev-master": "1.23-dev"
                }
            },
            "autoload": {
                "psr-4": {
                    "Carbon\\": "src/Carbon/"
                }
            },
            "notification-url": "https://packagist.org/downloads/",
            "license": [
                "MIT"
            ],
            "authors": [
                {
                    "name": "Brian Nesbitt",
                    "email": "brian@nesbot.com",
                    "homepage": "http://nesbot.com"
                }
            ],
            "description": "A simple API extension for DateTime.",
            "homepage": "http://carbon.nesbot.com",
            "keywords": [
                "date",
                "datetime",
                "time"
            ],
            "time": "2017-01-16 07:55:07"
        },
        {
            "name": "paragonie/random_compat",
            "version": "v2.0.4",
            "source": {
                "type": "git",
                "url": "https://github.com/paragonie/random_compat.git",
                "reference": "a9b97968bcde1c4de2a5ec6cbd06a0f6c919b46e"
            },
            "dist": {
                "type": "zip",
                "url": "https://api.github.com/repos/paragonie/random_compat/zipball/a9b97968bcde1c4de2a5ec6cbd06a0f6c919b46e",
                "reference": "a9b97968bcde1c4de2a5ec6cbd06a0f6c919b46e",
                "shasum": ""
            },
            "require": {
                "php": ">=5.2.0"
            },
            "require-dev": {
                "phpunit/phpunit": "4.*|5.*"
            },
            "suggest": {
                "ext-libsodium": "Provides a modern crypto API that can be used to generate random bytes."
            },
            "type": "library",
            "autoload": {
                "files": [
                    "lib/random.php"
                ]
            },
            "notification-url": "https://packagist.org/downloads/",
            "license": [
                "MIT"
            ],
            "authors": [
                {
                    "name": "Paragon Initiative Enterprises",
                    "email": "security@paragonie.com",
                    "homepage": "https://paragonie.com"
                }
            ],
            "description": "PHP 5.x polyfill for random_bytes() and random_int() from PHP 7",
            "keywords": [
                "csprng",
                "pseudorandom",
                "random"
            ],
            "time": "2016-11-07 23:38:38"
        },
        {
            "name": "psr/http-message",
            "version": "1.0.1",
            "source": {
                "type": "git",
                "url": "https://github.com/php-fig/http-message.git",
                "reference": "f6561bf28d520154e4b0ec72be95418abe6d9363"
            },
            "dist": {
                "type": "zip",
                "url": "https://api.github.com/repos/php-fig/http-message/zipball/f6561bf28d520154e4b0ec72be95418abe6d9363",
                "reference": "f6561bf28d520154e4b0ec72be95418abe6d9363",
                "shasum": ""
            },
            "require": {
                "php": ">=5.3.0"
            },
            "type": "library",
            "extra": {
                "branch-alias": {
                    "dev-master": "1.0.x-dev"
                }
            },
            "autoload": {
                "psr-4": {
                    "Psr\\Http\\Message\\": "src/"
                }
            },
            "notification-url": "https://packagist.org/downloads/",
            "license": [
                "MIT"
            ],
            "authors": [
                {
                    "name": "PHP-FIG",
                    "homepage": "http://www.php-fig.org/"
                }
            ],
            "description": "Common interface for HTTP messages",
            "homepage": "https://github.com/php-fig/http-message",
            "keywords": [
                "http",
                "http-message",
                "psr",
                "psr-7",
                "request",
                "response"
            ],
            "time": "2016-08-06 14:39:51"
        },
        {
            "name": "psr/log",
            "version": "1.0.2",
            "source": {
                "type": "git",
                "url": "https://github.com/php-fig/log.git",
                "reference": "4ebe3a8bf773a19edfe0a84b6585ba3d401b724d"
            },
            "dist": {
                "type": "zip",
                "url": "https://api.github.com/repos/php-fig/log/zipball/4ebe3a8bf773a19edfe0a84b6585ba3d401b724d",
                "reference": "4ebe3a8bf773a19edfe0a84b6585ba3d401b724d",
                "shasum": ""
            },
            "require": {
                "php": ">=5.3.0"
            },
            "type": "library",
            "extra": {
                "branch-alias": {
                    "dev-master": "1.0.x-dev"
                }
            },
            "autoload": {
                "psr-4": {
                    "Psr\\Log\\": "Psr/Log/"
                }
            },
            "notification-url": "https://packagist.org/downloads/",
            "license": [
                "MIT"
            ],
            "authors": [
                {
                    "name": "PHP-FIG",
                    "homepage": "http://www.php-fig.org/"
                }
            ],
            "description": "Common interface for logging libraries",
            "homepage": "https://github.com/php-fig/log",
            "keywords": [
                "log",
                "psr",
                "psr-3"
            ],
            "time": "2016-10-10 12:19:37"
        },
        {
            "name": "swiftmailer/swiftmailer",
            "version": "v5.4.5",
            "source": {
                "type": "git",
                "url": "https://github.com/swiftmailer/swiftmailer.git",
                "reference": "cd142238a339459b10da3d8234220963f392540c"
            },
            "dist": {
                "type": "zip",
                "url": "https://api.github.com/repos/swiftmailer/swiftmailer/zipball/cd142238a339459b10da3d8234220963f392540c",
                "reference": "cd142238a339459b10da3d8234220963f392540c",
                "shasum": ""
            },
            "require": {
                "php": ">=5.3.3"
            },
            "require-dev": {
                "mockery/mockery": "~0.9.1",
                "symfony/phpunit-bridge": "~3.2"
            },
            "type": "library",
            "extra": {
                "branch-alias": {
                    "dev-master": "5.4-dev"
                }
            },
            "autoload": {
                "files": [
                    "lib/swift_required.php"
                ]
            },
            "notification-url": "https://packagist.org/downloads/",
            "license": [
                "MIT"
            ],
            "authors": [
                {
                    "name": "Chris Corbyn"
                },
                {
                    "name": "Fabien Potencier",
                    "email": "fabien@symfony.com"
                }
            ],
            "description": "Swiftmailer, free feature-rich PHP mailer",
            "homepage": "http://swiftmailer.org",
            "keywords": [
                "email",
                "mail",
                "mailer"
            ],
            "time": "2016-12-29 10:02:40"
        },
        {
            "name": "symfony/debug",
            "version": "v3.2.2",
            "source": {
                "type": "git",
                "url": "https://github.com/symfony/debug.git",
                "reference": "810ba5c1c5352a4ddb15d4719e8936751dff0b05"
            },
            "dist": {
                "type": "zip",
                "url": "https://api.github.com/repos/symfony/debug/zipball/810ba5c1c5352a4ddb15d4719e8936751dff0b05",
                "reference": "810ba5c1c5352a4ddb15d4719e8936751dff0b05",
                "shasum": ""
            },
            "require": {
                "php": ">=5.5.9",
                "psr/log": "~1.0"
            },
            "conflict": {
                "symfony/http-kernel": ">=2.3,<2.3.24|~2.4.0|>=2.5,<2.5.9|>=2.6,<2.6.2"
            },
            "require-dev": {
                "symfony/class-loader": "~2.8|~3.0",
                "symfony/http-kernel": "~2.8|~3.0"
            },
            "type": "library",
            "extra": {
                "branch-alias": {
                    "dev-master": "3.2-dev"
                }
            },
            "autoload": {
                "psr-4": {
                    "Symfony\\Component\\Debug\\": ""
                },
                "exclude-from-classmap": [
                    "/Tests/"
                ]
            },
            "notification-url": "https://packagist.org/downloads/",
            "license": [
                "MIT"
            ],
            "authors": [
                {
                    "name": "Fabien Potencier",
                    "email": "fabien@symfony.com"
                },
                {
                    "name": "Symfony Community",
                    "homepage": "https://symfony.com/contributors"
                }
            ],
            "description": "Symfony Debug Component",
            "homepage": "https://symfony.com",
            "time": "2017-01-02 20:32:22"
        },
        {
            "name": "symfony/finder",
            "version": "v3.2.2",
            "source": {
                "type": "git",
                "url": "https://github.com/symfony/finder.git",
                "reference": "8c71141cae8e2957946b403cc71a67213c0380d6"
            },
            "dist": {
                "type": "zip",
                "url": "https://api.github.com/repos/symfony/finder/zipball/8c71141cae8e2957946b403cc71a67213c0380d6",
                "reference": "8c71141cae8e2957946b403cc71a67213c0380d6",
                "shasum": ""
            },
            "require": {
                "php": ">=5.5.9"
            },
            "type": "library",
            "extra": {
                "branch-alias": {
                    "dev-master": "3.2-dev"
                }
            },
            "autoload": {
                "psr-4": {
                    "Symfony\\Component\\Finder\\": ""
                },
                "exclude-from-classmap": [
                    "/Tests/"
                ]
            },
            "notification-url": "https://packagist.org/downloads/",
            "license": [
                "MIT"
            ],
            "authors": [
                {
                    "name": "Fabien Potencier",
                    "email": "fabien@symfony.com"
                },
                {
                    "name": "Symfony Community",
                    "homepage": "https://symfony.com/contributors"
                }
            ],
            "description": "Symfony Finder Component",
            "homepage": "https://symfony.com",
            "time": "2017-01-02 20:32:22"
        },
        {
            "name": "symfony/polyfill-mbstring",
            "version": "v1.3.0",
            "source": {
                "type": "git",
                "url": "https://github.com/symfony/polyfill-mbstring.git",
                "reference": "e79d363049d1c2128f133a2667e4f4190904f7f4"
            },
            "dist": {
                "type": "zip",
                "url": "https://api.github.com/repos/symfony/polyfill-mbstring/zipball/e79d363049d1c2128f133a2667e4f4190904f7f4",
                "reference": "e79d363049d1c2128f133a2667e4f4190904f7f4",
                "shasum": ""
            },
            "require": {
                "php": ">=5.3.3"
            },
            "suggest": {
                "ext-mbstring": "For best performance"
            },
            "type": "library",
            "extra": {
                "branch-alias": {
                    "dev-master": "1.3-dev"
                }
            },
            "autoload": {
                "psr-4": {
                    "Symfony\\Polyfill\\Mbstring\\": ""
                },
                "files": [
                    "bootstrap.php"
                ]
            },
            "notification-url": "https://packagist.org/downloads/",
            "license": [
                "MIT"
            ],
            "authors": [
                {
                    "name": "Nicolas Grekas",
                    "email": "p@tchwork.com"
                },
                {
                    "name": "Symfony Community",
                    "homepage": "https://symfony.com/contributors"
                }
            ],
            "description": "Symfony polyfill for the Mbstring extension",
            "homepage": "https://symfony.com",
            "keywords": [
                "compatibility",
                "mbstring",
                "polyfill",
                "portable",
                "shim"
            ],
            "time": "2016-11-14 01:06:16"
        },
        {
            "name": "symfony/translation",
            "version": "v3.2.2",
            "source": {
                "type": "git",
                "url": "https://github.com/symfony/translation.git",
                "reference": "6520f3d4cce604d9dd1e86cac7af954984dd9bda"
            },
            "dist": {
                "type": "zip",
                "url": "https://api.github.com/repos/symfony/translation/zipball/6520f3d4cce604d9dd1e86cac7af954984dd9bda",
                "reference": "6520f3d4cce604d9dd1e86cac7af954984dd9bda",
                "shasum": ""
            },
            "require": {
                "php": ">=5.5.9",
                "symfony/polyfill-mbstring": "~1.0"
            },
            "conflict": {
                "symfony/config": "<2.8"
            },
            "require-dev": {
                "psr/log": "~1.0",
                "symfony/config": "~2.8|~3.0",
                "symfony/intl": "~2.8|~3.0",
                "symfony/yaml": "~2.8|~3.0"
            },
            "suggest": {
                "psr/log": "To use logging capability in translator",
                "symfony/config": "",
                "symfony/yaml": ""
            },
            "type": "library",
            "extra": {
                "branch-alias": {
                    "dev-master": "3.2-dev"
                }
            },
            "autoload": {
                "psr-4": {
                    "Symfony\\Component\\Translation\\": ""
                },
                "exclude-from-classmap": [
                    "/Tests/"
                ]
            },
            "notification-url": "https://packagist.org/downloads/",
            "license": [
                "MIT"
            ],
            "authors": [
                {
                    "name": "Fabien Potencier",
                    "email": "fabien@symfony.com"
                },
                {
                    "name": "Symfony Community",
                    "homepage": "https://symfony.com/contributors"
                }
            ],
            "description": "Symfony Translation Component",
            "homepage": "https://symfony.com",
            "time": "2017-01-02 20:32:22"
        },
        {
            "name": "yadakhov/insert-on-duplicate-key",
            "version": "v1.1.0",
            "source": {
                "type": "git",
                "url": "https://github.com/yadakhov/insert-on-duplicate-key.git",
                "reference": "4a5f93401b94d6e7c749b3a11278b9ac1c35d941"
            },
            "dist": {
                "type": "zip",
                "url": "https://api.github.com/repos/yadakhov/insert-on-duplicate-key/zipball/4a5f93401b94d6e7c749b3a11278b9ac1c35d941",
                "reference": "4a5f93401b94d6e7c749b3a11278b9ac1c35d941",
                "shasum": ""
            },
            "require-dev": {
                "illuminate/database": "^5.1",
                "phpunit/dbunit": "^2.0",
                "phpunit/phpunit": "~5.0"
            },
            "type": "library",
            "autoload": {
                "psr-4": {
                    "Yadakhov\\": "src/"
                }
            },
            "notification-url": "https://packagist.org/downloads/",
            "license": [
                "MIT"
            ],
            "authors": [
                {
                    "name": "Yada Khov",
                    "email": "yada.khov@gmail.com",
                    "homepage": "https://github.com/yadakhov"
                }
            ],
            "description": "A trait for MySQL INSERT ON DUPLICATE KEY UPDATE.",
            "homepage": "https://github.com/yadakhov/insert-on-duplicate-key",
            "keywords": [
                "database",
                "eloquent",
                "mysql"
            ],
            "time": "2017-01-19 17:51:57"
        }
    ],
    "packages-dev": [],
    "aliases": [],
    "minimum-stability": "stable",
    "stability-flags": {
        "swiftmailer/swiftmailer": 0
    },
    "prefer-stable": false,
    "prefer-lowest": false,
    "platform": [],
    "platform-dev": []
}
